
Microsoft Visual Studio Solution File, Format Version 12.00
# Visual Studio Version 17
VisualStudioVersion = 17.14.37710.0 d17.14
MinimumVisualStudioVersion = 10.0.40219.1
Project("{FAE04EC0-301F-11D3-BF4B-00C04F79EFBC}") = "BaiTap", "BaiTap.csproj", "{D7544263-5586-49B4-8588-7263018F5F7C}"
EndProject
Global
	GlobalSection(SolutionConfigurationPlatforms) = preSolution
		Debug|Any CPU = Debug|Any CPU
		Release|Any CPU = Release|Any CPU
	EndGlobalSection
	GlobalSection(ProjectConfigurationPlatforms) = postSolution
		{D7544263-5586-49B4-8588-7263018F5F7C}.Debug|Any CPU.ActiveCfg = Debug|Any CPU
		{D7544263-5586-49B4-8588-7263018F5F7C}.Debug|Any CPU.Build.0 = Debug|Any CPU
		{D7544263-5586-49B4-8588-7263018F5F7C}.Release|Any CPU.ActiveCfg = Release|Any CPU
		{D7544263-5586-49B4-8588-7263018F5F7C}.Release|Any CPU.Build.0 = Release|Any CPU
	EndGlobalSection
	GlobalSection(SolutionProperties) = preSolution
		HideSolutionNode = FALSE
	EndGlobalSection
	GlobalSection(ExtensibilityGlobals) = postSolution
		SolutionGuid = {2E1364FF-F422-4814-B5D0-2939187A6CD0}
	EndGlobalSection
EndGlobal
